
Microsoft Visual Studio Solution File, Format Version 11.00
# Visual Studio 2010
Project("{FAE04EC0-301F-11D3-BF4B-00C04F79EFBC}") = "HelloWorld", "HelloWorld\HelloWorld.csproj", "{D81CC969-B971-4979-9AE2-734B07898117}"
EndProject
Project("{FAE04EC0-301F-11D3-BF4B-00C04F79EFBC}") = "HelloWorld.Tests", "HelloWorld.Tests\HelloWorld.Tests.csproj", "{96D011AE-CB75-42AA-90B4-CBC7096A26C4}"
EndProject
Global
	GlobalSection(SolutionConfigurationPlatforms) = preSolution
		Debug|Any CPU = Debug|Any CPU
		Release|Any CPU = Release|Any CPU
	EndGlobalSection
	GlobalSection(ProjectConfigurationPlatforms) = postSolution
		{D81CC969-B971-4979-9AE2-734B07898117}.Debug|Any CPU.ActiveCfg = Debug|Any CPU
		{D81CC969-B971-4979-9AE2-734B07898117}.Debug|Any CPU.Build.0 = Debug|Any CPU
		{D81CC969-B971-4979-9AE2-734B07898117}.Release|Any CPU.ActiveCfg = Release|Any CPU
		{D81CC969-B971-4979-9AE2-734B07898117}.Release|Any CPU.Build.0 = Release|Any CPU
		{96D011AE-CB75-42AA-90B4-CBC7096A26C4}.Debug|Any CPU.ActiveCfg = Debug|Any CPU
		{96D011AE-CB75-42AA-90B4-CBC7096A26C4}.Debug|Any CPU.Build.0 = Debug|Any CPU
		{96D011AE-CB75-42AA-90B4-CBC7096A26C4}.Release|Any CPU.ActiveCfg = Release|Any CPU
		{96D011AE-CB75-42AA-90B4-CBC7096A26C4}.Release|Any CPU.Build.0 = Release|Any CPU
	EndGlobalSection
	GlobalSection(SolutionProperties) = preSolution
		HideSolutionNode = FALSE
	EndGlobalSection
EndGlobal
